
Microsoft Visual Studio Solution File, Format Version 12.00
# Visual Studio Version 16
VisualStudioVersion = 16.0.30104.148
MinimumVisualStudioVersion = 10.0.40219.1
Project("{9A19103F-16F7-4668-BE54-9A1E7A4F7556}") = "H2h.RubberBand.Server", "H2h.RubberBand.Server\H2h.RubberBand.Server.csproj", "{EB6EF81E-4E88-4715-9238-CBEA5FBC4957}"
EndProject
Project("{9A19103F-16F7-4668-BE54-9A1E7A4F7556}") = "H2h.RubberBand.Database", "H2h.RubberBand.Database\H2h.RubberBand.Database.csproj", "{BF3C63C7-E09C-4A48-95B2-AFD8F14C6E65}"
EndProject
Project("{9A19103F-16F7-4668-BE54-9A1E7A4F7556}") = "H2h.ElasticSearch.Model", "H2h.ElasticSearch.Model\H2h.ElasticSearch.Model.csproj", "{9CA0FA8B-064C-4425-9268-120E79A94029}"
EndProject
Project("{2150E333-8FDC-42A3-9474-1A3956D46DE8}") = "ElasticSearch", "ElasticSearch", "{E46C6275-9839-4585-88EB-C8921D2BDD4B}"
EndProject
Project("{9A19103F-16F7-4668-BE54-9A1E7A4F7556}") = "H2h.RubberBand.Database.Postgres", "H2h.RubberBand.Database.Postgres\H2h.RubberBand.Database.Postgres.csproj", "{6D502E7E-7FCC-436E-A603-A3BFD9A2E108}"
EndProject
Global
	GlobalSection(SolutionConfigurationPlatforms) = preSolution
		Debug|Any CPU = Debug|Any CPU
		Release|Any CPU = Release|Any CPU
	EndGlobalSection
	GlobalSection(ProjectConfigurationPlatforms) = postSolution
		{EB6EF81E-4E88-4715-9238-CBEA5FBC4957}.Debug|Any CPU.ActiveCfg = Debug|Any CPU
		{EB6EF81E-4E88-4715-9238-CBEA5FBC4957}.Debug|Any CPU.Build.0 = Debug|Any CPU
		{EB6EF81E-4E88-4715-9238-CBEA5FBC4957}.Release|Any CPU.ActiveCfg = Release|Any CPU
		{EB6EF81E-4E88-4715-9238-CBEA5FBC4957}.Release|Any CPU.Build.0 = Release|Any CPU
		{BF3C63C7-E09C-4A48-95B2-AFD8F14C6E65}.Debug|Any CPU.ActiveCfg = Debug|Any CPU
		{BF3C63C7-E09C-4A48-95B2-AFD8F14C6E65}.Debug|Any CPU.Build.0 = Debug|Any CPU
		{BF3C63C7-E09C-4A48-95B2-AFD8F14C6E65}.Release|Any CPU.ActiveCfg = Release|Any CPU
		{BF3C63C7-E09C-4A48-95B2-AFD8F14C6E65}.Release|Any CPU.Build.0 = Release|Any CPU
		{9CA0FA8B-064C-4425-9268-120E79A94029}.Debug|Any CPU.ActiveCfg = Debug|Any CPU
		{9CA0FA8B-064C-4425-9268-120E79A94029}.Debug|Any CPU.Build.0 = Debug|Any CPU
		{9CA0FA8B-064C-4425-9268-120E79A94029}.Release|Any CPU.ActiveCfg = Release|Any CPU
		{9CA0FA8B-064C-4425-9268-120E79A94029}.Release|Any CPU.Build.0 = Release|Any CPU
		{6D502E7E-7FCC-436E-A603-A3BFD9A2E108}.Debug|Any CPU.ActiveCfg = Debug|Any CPU
		{6D502E7E-7FCC-436E-A603-A3BFD9A2E108}.Debug|Any CPU.Build.0 = Debug|Any CPU
		{6D502E7E-7FCC-436E-A603-A3BFD9A2E108}.Release|Any CPU.ActiveCfg = Release|Any CPU
		{6D502E7E-7FCC-436E-A603-A3BFD9A2E108}.Release|Any CPU.Build.0 = Release|Any CPU
	EndGlobalSection
	GlobalSection(SolutionProperties) = preSolution
		HideSolutionNode = FALSE
	EndGlobalSection
	GlobalSection(NestedProjects) = preSolution
		{9CA0FA8B-064C-4425-9268-120E79A94029} = {E46C6275-9839-4585-88EB-C8921D2BDD4B}
	EndGlobalSection
	GlobalSection(ExtensibilityGlobals) = postSolution
		SolutionGuid = {E7D9A6C8-B6D3-41C6-8E46-4716BBAEB7C4}
	EndGlobalSection
EndGlobal
